// !$*UTF8*$!
{
	archiveVersion = 1;
	classes = {
	};
	objectVersion = 55;
	objects = {

/* Begin PBXBuildFile section */
		F6E09A6F2858F8BC0008429E /* AppDelegate.swift in Sources */ = {isa = PBXBuildFile; fileRef = F6E09A6E2858F8BC0008429E /* AppDelegate.swift */; };
		F6E09A712858F8BC0008429E /* SceneDelegate.swift in Sources */ = {isa = PBXBuildFile; fileRef = F6E09A702858F8BC0008429E /* SceneDelegate.swift */; };
		F6E09A732858F8BC0008429E /* ViewController.swift in Sources */ = {isa = PBXBuildFile; fileRef = F6E09A722858F8BC0008429E /* ViewController.swift */; };
		F6E09A762858F8BC0008429E /* Main.storyboard in Resources */ = {isa = PBXBuildFile; fileRef = F6E09A742858F8BC0008429E /* Main.storyboard */; };
		F6E09A792858F8BC0008429E /* Final.xcdatamodeld in Sources */ = {isa = PBXBuildFile; fileRef = F6E09A772858F8BC0008429E /* Final.xcdatamodeld */; };
		F6E09A7B2858F8BD0008429E /* Assets.xcassets in Resources */ = {isa = PBXBuildFile; fileRef = F6E09A7A2858F8BD0008429E /* Assets.xcassets */; };
		F6E09A7E2858F8BD0008429E /* LaunchScreen.storyboard in Resources */ = {isa = PBXBuildFile; fileRef = F6E09A7C2858F8BD0008429E /* LaunchScreen.storyboard */; };
		F6E09A892858F8BE0008429E /* FinalTests.swift in Sources */ = {isa = PBXBuildFile; fileRef = F6E09A882858F8BE0008429E /* FinalTests.swift */; };
		F6E09A932858F8BE0008429E /* FinalUITests.swift in Sources */ = {isa = PBXBuildFile; fileRef = F6E09A922858F8BE0008429E /* FinalUITests.swift */; };
		F6E09A952858F8BE0008429E /* FinalUITestsLaunchTests.swift in Sources */ = {isa = PBXBuildFile; fileRef = F6E09A942858F8BE0008429E /* FinalUITestsLaunchTests.swift */; };
/* End PBXBuildFile section */

/* Begin PBXContainerItemProxy section */
		F6E09A852858F8BE0008429E /* PBXContainerItemProxy */ = {
			isa = PBXContainerItemProxy;
			containerPortal = F6E09A632858F8BC0008429E /* Project object */;
			proxyType = 1;
			remoteGlobalIDString = F6E09A6A2858F8BC0008429E;
			remoteInfo = Final;
		};
		F6E09A8F2858F8BE0008429E /* PBXContainerItemProxy */ = {
			isa = PBXContainerItemProxy;
			containerPortal = F6E09A632858F8BC0008429E /* Project object */;
			proxyType = 1;
			remoteGlobalIDString = F6E09A6A2858F8BC0008429E;
			remoteInfo = Final;
		};
/* End PBXContainerItemProxy section */

/* Begin PBXFileReference section */
		F6E09A6B2858F8BC0008429E /* Final.app */ = {isa = PBXFileReference; explicitFileType = wrapper.application; includeInIndex = 0; path = Final.app; sourceTree = BUILT_PRODUCTS_DIR; };
		F6E09A6E2858F8BC0008429E /* AppDelegate.swift */ = {isa = PBXFileReference; lastKnownFileType = sourcecode.swift; path = AppDelegate.swift; sourceTree = "<group>"; };
		F6E09A702858F8BC0008429E /* SceneDelegate.swift */ = {isa = PBXFileReference; lastKnownFileType = sourcecode.swift; path = SceneDelegate.swift; sourceTree = "<group>"; };
		F6E09A722858F8BC0008429E /* ViewController.swift */ = {isa = PBXFileReference; lastKnownFileType = sourcecode.swift; path = ViewController.swift; sourceTree = "<group>"; };
		F6E09A752858F8BC0008429E /* Base */ = {isa = PBXFileReference; lastKnownFileType = file.storyboard; name = Base; path = Base.lproj/Main.storyboard; sourceTree = "<group>"; };
		F6E09A782858F8BC0008429E /* Final.xcdatamodel */ = {isa = PBXFileReference; lastKnownFileType = wrapper.xcdatamodel; path = Final.xcdatamodel; sourceTree = "<group>"; };
		F6E09A7A2858F8BD0008429E /* Assets.xcassets */ = {isa = PBXFileReference; lastKnownFileType = folder.assetcatalog; path = Assets.xcassets; sourceTree = "<group>"; };
		F6E09A7D2858F8BD0008429E /* Base */ = {isa = PBXFileReference; lastKnownFileType = file.storyboard; name = Base; path = Base.lproj/LaunchScreen.storyboard; sourceTree = "<group>"; };
		F6E09A7F2858F8BD0008429E /* Info.plist */ = {isa = PBXFileReference; lastKnownFileType = text.plist.xml; path = Info.plist; sourceTree = "<group>"; };
		F6E09A842858F8BE0008429E /* FinalTests.xctest */ = {isa = PBXFileReference; explicitFileType = wrapper.cfbundle; includeInIndex = 0; path = FinalTests.xctest; sourceTree = BUILT_PRODUCTS_DIR; };
		F6E09A882858F8BE0008429E /* FinalTests.swift */ = {isa = PBXFileReference; lastKnownFileType = sourcecode.swift; path = FinalTests.swift; sourceTree = "<group>"; };
		F6E09A8E2858F8BE0008429E /* FinalUITests.xctest */ = {isa = PBXFileReference; explicitFileType = wrapper.cfbundle; includeInIndex = 0; path = FinalUITests.xctest; sourceTree = BUILT_PRODUCTS_DIR; };
		F6E09A922858F8BE0008429E /* FinalUITests.swift */ = {isa = PBXFileReference; lastKnownFileType = sourcecode.swift; path = FinalUITests.swift; sourceTree = "<group>"; };
		F6E09A942858F8BE0008429E /* FinalUITestsLaunchTests.swift */ = {isa = PBXFileReference; lastKnownFileType = sourcecode.swift; path = FinalUITestsLaunchTests.swift; sourceTree = "<group>"; };
/* End PBXFileReference section */

/* Begin PBXFrameworksBuildPhase section */
		F6E09A682858F8BC0008429E /* Frameworks */ = {
			isa = PBXFrameworksBuildPhase;
			buildActionMask = 2147483647;
			files = (
			);
			runOnlyForDeploymentPostprocessing = 0;
		};
		F6E09A812858F8BE0008429E /* Frameworks */ = {
			isa = PBXFrameworksBuildPhase;
			buildActionMask = 2147483647;
			files = (
			);
			runOnlyForDeploymentPostprocessing = 0;
		};
		F6E09A8B2858F8BE0008429E /* Frameworks */ = {
			isa = PBXFrameworksBuildPhase;
			buildActionMask = 2147483647;
			files = (
			);
			runOnlyForDeploymentPostprocessing = 0;
		};
/* End PBXFrameworksBuildPhase section */

/* Begin PBXGroup section */
		F6E09A622858F8BC0008429E = {
			isa = PBXGroup;
			children = (
				F6E09A6D2858F8BC0008429E /* Final */,
				F6E09A872858F8BE0008429E /* FinalTests */,
				F6E09A912858F8BE0008429E /* FinalUITests */,
				F6E09A6C2858F8BC0008429E /* Products */,
			);
			sourceTree = "<group>";
		};
		F6E09A6C2858F8BC0008429E /* Products */ = {
			isa = PBXGroup;
			children = (
				F6E09A6B2858F8BC0008429E /* Final.app */,
				F6E09A842858F8BE0008429E /* FinalTests.xctest */,
				F6E09A8E2858F8BE0008429E /* FinalUITests.xctest */,
			);
			name = Products;
			sourceTree = "<group>";
		};
		F6E09A6D2858F8BC0008429E /* Final */ = {
			isa = PBXGroup;
			children = (
				F6E09A6E2858F8BC0008429E /* AppDelegate.swift */,
				F6E09A702858F8BC0008429E /* SceneDelegate.swift */,
				F6E09A722858F8BC0008429E /* ViewController.swift */,
				F6E09A742858F8BC0008429E /* Main.storyboard */,
				F6E09A7A2858F8BD0008429E /* Assets.xcassets */,
				F6E09A7C2858F8BD0008429E /* LaunchScreen.storyboard */,
				F6E09A7F2858F8BD0008429E /* Info.plist */,
				F6E09A772858F8BC0008429E /* Final.xcdatamodeld */,
			);
			path = Final;
			sourceTree = "<group>";
		};
		F6E09A872858F8BE0008429E /* FinalTests */ = {
			isa = PBXGroup;
			children = (
				F6E09A882858F8BE0008429E /* FinalTests.swift */,
			);
			path = FinalTests;
			sourceTree = "<group>";
		};
		F6E09A912858F8BE0008429E /* FinalUITests */ = {
			isa = PBXGroup;
			children = (
				F6E09A922858F8BE0008429E /* FinalUITests.swift */,
				F6E09A942858F8BE0008429E /* FinalUITestsLaunchTests.swift */,
			);
			path = FinalUITests;
			sourceTree = "<group>";
		};
/* End PBXGroup section */

/* Begin PBXNativeTarget section */
		F6E09A6A2858F8BC0008429E /* Final */ = {
			isa = PBXNativeTarget;
			buildConfigurationList = F6E09A982858F8BE0008429E /* Build configuration list for PBXNativeTarget "Final" */;
			buildPhases = (
				F6E09A672858F8BC0008429E /* Sources */,
				F6E09A682858F8BC0008429E /* Frameworks */,
				F6E09A692858F8BC0008429E /* Resources */,
			);
			buildRules = (
			);
			dependencies = (
			);
			name = Final;
			productName = Final;
			productReference = F6E09A6B2858F8BC0008429E /* Final.app */;
			productType = "com.apple.product-type.application";
		};
		F6E09A832858F8BE0008429E /* FinalTests */ = {
			isa = PBXNativeTarget;
			buildConfigurationList = F6E09A9B2858F8BE0008429E /* Build configuration list for PBXNativeTarget "FinalTests" */;
			buildPhases = (
				F6E09A802858F8BE0008429E /* Sources */,
				F6E09A812858F8BE0008429E /* Frameworks */,
				F6E09A822858F8BE0008429E /* Resources */,
			);
			buildRules = (
			);
			dependencies = (
				F6E09A862858F8BE0008429E /* PBXTargetDependency */,
			);
			name = FinalTests;
			productName = FinalTests;
			productReference = F6E09A842858F8BE0008429E /* FinalTests.xctest */;
			productType = "com.apple.product-type.bundle.unit-test";
		};
		F6E09A8D2858F8BE0008429E /* FinalUITests */ = {
			isa = PBXNativeTarget;
			buildConfigurationList = F6E09A9E2858F8BE0008429E /* Build configuration list for PBXNativeTarget "FinalUITests" */;
			buildPhases = (
				F6E09A8A2858F8BE0008429E /* Sources */,
				F6E09A8B2858F8BE0008429E /* Frameworks */,
				F6E09A8C2858F8BE0008429E /* Resources */,
			);
			buildRules = (
			);
			dependencies = (
				F6E09A902858F8BE0008429E /* PBXTargetDependency */,
			);
			name = FinalUITests;
			productName = FinalUITests;
			productReference = F6E09A8E2858F8BE0008429E /* FinalUITests.xctest */;
			productType = "com.apple.product-type.bundle.ui-testing";
		};
/* End PBXNativeTarget section */

/* Begin PBXProject section */
		F6E09A632858F8BC0008429E /* Project object */ = {
			isa = PBXProject;
			attributes = {
				BuildIndependentTargetsInParallel = 1;
				LastSwiftUpdateCheck = 1340;
				LastUpgradeCheck = 1340;
				TargetAttributes = {
					F6E09A6A2858F8BC0008429E = {
						CreatedOnToolsVersion = 13.4.1;
					};
					F6E09A832858F8BE0008429E = {
						CreatedOnToolsVersion = 13.4.1;
						TestTargetID = F6E09A6A2858F8BC0008429E;
					};
					F6E09A8D2858F8BE0008429E = {
						CreatedOnToolsVersion = 13.4.1;
						TestTargetID = F6E09A6A2858F8BC0008429E;
					};
				};
			};
			buildConfigurationList = F6E09A662858F8BC0008429E /* Build configuration list for PBXProject "Final" */;
			compatibilityVersion = "Xcode 13.0";
			developmentRegion = en;
			hasScannedForEncodings = 0;
			knownRegions = (
				en,
				Base,
			);
			mainGroup = F6E09A622858F8BC0008429E;
			productRefGroup = F6E09A6C2858F8BC0008429E /* Products */;
			projectDirPath = "";
			projectRoot = "";
			targets = (
				F6E09A6A2858F8BC0008429E /* Final */,
				F6E09A832858F8BE0008429E /* FinalTests */,
				F6E09A8D2858F8BE0008429E /* FinalUITests */,
			);
		};
/* End PBXProject section */

/* Begin PBXResourcesBuildPhase section */
		F6E09A692858F8BC0008429E /* Resources */ = {
			isa = PBXResourcesBuildPhase;
			buildActionMask = 2147483647;
			files = (
				F6E09A7E2858F8BD0008429E /* LaunchScreen.storyboard in Resources */,
				F6E09A7B2858F8BD0008429E /* Assets.xcassets in Resources */,
				F6E09A762858F8BC0008429E /* Main.storyboard in Resources */,
			);
			runOnlyForDeploymentPostprocessing = 0;
		};
		F6E09A822858F8BE0008429E /* Resources */ = {
			isa = PBXResourcesBuildPhase;
			buildActionMask = 2147483647;
			files = (
			);
			runOnlyForDeploymentPostprocessing = 0;
		};
		F6E09A8C2858F8BE0008429E /* Resources */ = {
			isa = PBXResourcesBuildPhase;
			buildActionMask = 2147483647;
			files = (
			);
			runOnlyForDeploymentPostprocessing = 0;
		};
/* End PBXResourcesBuildPhase section */

/* Begin PBXSourcesBuildPhase section */
		F6E09A672858F8BC0008429E /* Sources */ = {
			isa = PBXSourcesBuildPhase;
			buildActionMask = 2147483647;
			files = (
				F6E09A792858F8BC0008429E /* Final.xcdatamodeld in Sources */,
				F6E09A732858F8BC0008429E /* ViewController.swift in Sources */,
				F6E09A6F2858F8BC0008429E /* AppDelegate.swift in Sources */,
				F6E09A712858F8BC0008429E /* SceneDelegate.swift in Sources */,
			);
			runOnlyForDeploymentPostprocessing = 0;
		};
		F6E09A802858F8BE0008429E /* Sources */ = {
			isa = PBXSourcesBuildPhase;
			buildActionMask = 2147483647;
			files = (
				F6E09A892858F8BE0008429E /* FinalTests.swift in Sources */,
			);
			runOnlyForDeploymentPostprocessing = 0;
		};
		F6E09A8A2858F8BE0008429E /* Sources */ = {
			isa = PBXSourcesBuildPhase;
			buildActionMask = 2147483647;
			files = (
				F6E09A932858F8BE0008429E /* FinalUITests.swift in Sources */,
				F6E09A952858F8BE0008429E /* FinalUITestsLaunchTests.swift in Sources */,
			);
			runOnlyForDeploymentPostprocessing = 0;
		};
/* End PBXSourcesBuildPhase section */

/* Begin PBXTargetDependency section */
		F6E09A862858F8BE0008429E /* PBXTargetDependency */ = {
			isa = PBXTargetDependency;
			target = F6E09A6A2858F8BC0008429E /* Final */;
			targetProxy = F6E09A852858F8BE0008429E /* PBXContainerItemProxy */;
		};
		F6E09A902858F8BE0008429E /* PBXTargetDependency */ = {
			isa = PBXTargetDependency;
			target = F6E09A6A2858F8BC0008429E /* Final */;
			targetProxy = F6E09A8F2858F8BE0008429E /* PBXContainerItemProxy */;
		};
/* End PBXTargetDependency section */

/* Begin PBXVariantGroup section */
		F6E09A742858F8BC0008429E /* Main.storyboard */ = {
			isa = PBXVariantGroup;
			children = (
				F6E09A752858F8BC0008429E /* Base */,
			);
			name = Main.storyboard;
			sourceTree = "<group>";
		};
		F6E09A7C2858F8BD0008429E /* LaunchScreen.storyboard */ = {
			isa = PBXVariantGroup;
			children = (
				F6E09A7D2858F8BD0008429E /* Base */,
			);
			name = LaunchScreen.storyboard;
			sourceTree = "<group>";
		};
/* End PBXVariantGroup section */

/* Begin XCBuildConfiguration section */
		F6E09A962858F8BE0008429E /* Debug */ = {
			isa = XCBuildConfiguration;
			buildSettings = {
				ALWAYS_SEARCH_USER_PATHS = NO;
				CLANG_ANALYZER_NONNULL = YES;
				CLANG_ANALYZER_NUMBER_OBJECT_CONVERSION = YES_AGGRESSIVE;
				CLANG_CXX_LANGUAGE_STANDARD = "gnu++17";
				CLANG_ENABLE_MODULES = YES;
				CLANG_ENABLE_OBJC_ARC = YES;
				CLANG_ENABLE_OBJC_WEAK = YES;
				CLANG_WARN_BLOCK_CAPTURE_AUTORELEASING = YES;
				CLANG_WARN_BOOL_CONVERSION = YES;
				CLANG_WARN_COMMA = YES;
				CLANG_WARN_CONSTANT_CONVERSION = YES;
				CLANG_WARN_DEPRECATED_OBJC_IMPLEMENTATIONS = YES;
				CLANG_WARN_DIRECT_OBJC_ISA_USAGE = YES_ERROR;
				CLANG_WARN_DOCUMENTATION_COMMENTS = YES;
				CLANG_WARN_EMPTY_BODY = YES;
				CLANG_WARN_ENUM_CONVERSION = YES;
				CLANG_WARN_INFINITE_RECURSION = YES;
				CLANG_WARN_INT_CONVERSION = YES;
				CLANG_WARN_NON_LITERAL_NULL_CONVERSION = YES;
				CLANG_WARN_OBJC_IMPLICIT_RETAIN_SELF = YES;
				CLANG_WARN_OBJC_LITERAL_CONVERSION = YES;
				CLANG_WARN_OBJC_ROOT_CLASS = YES_ERROR;
				CLANG_WARN_QUOTED_INCLUDE_IN_FRAMEWORK_HEADER = YES;
				CLANG_WARN_RANGE_LOOP_ANALYSIS = YES;
				CLANG_WARN_STRICT_PROTOTYPES = YES;
				CLANG_WARN_SUSPICIOUS_MOVE = YES;
				CLANG_WARN_UNGUARDED_AVAILABILITY = YES_AGGRESSIVE;
				CLANG_WARN_UNREACHABLE_CODE = YES;
				CLANG_WARN__DUPLICATE_METHOD_MATCH = YES;
				COPY_PHASE_STRIP = NO;
				DEBUG_INFORMATION_FORMAT = dwarf;
				ENABLE_STRICT_OBJC_MSGSEND = YES;
				ENABLE_TESTABILITY = YES;
				GCC_C_LANGUAGE_STANDARD = gnu11;
				GCC_DYNAMIC_NO_PIC = NO;
				GCC_NO_COMMON_BLOCKS = YES;
				GCC_OPTIMIZATION_LEVEL = 0;
				GCC_PREPROCESSOR_DEFINITIONS = (
					"DEBUG=1",
					"$(inherited)",
				);
				GCC_WARN_64_TO_32_BIT_CONVERSION = YES;
				GCC_WARN_ABOUT_RETURN_TYPE = YES_ERROR;
				GCC_WARN_UNDECLARED_SELECTOR = YES;
				GCC_WARN_UNINITIALIZED_AUTOS = YES_AGGRESSIVE;
				GCC_WARN_UNUSED_FUNCTION = YES;
				GCC_WARN_UNUSED_VARIABLE = YES;
				IPHONEOS_DEPLOYMENT_TARGET = 15.5;
				MTL_ENABLE_DEBUG_INFO = INCLUDE_SOURCE;
				MTL_FAST_MATH = YES;
				ONLY_ACTIVE_ARCH = YES;
				SDKROOT = iphoneos;
				SWIFT_ACTIVE_COMPILATION_CONDITIONS = DEBUG;
				SWIFT_OPTIMIZATION_LEVEL = "-Onone";
			};
			name = Debug;
		};
		F6E09A972858F8BE0008429E /* Release */ = {
			isa = XCBuildConfiguration;
			buildSettings = {
				ALWAYS_SEARCH_USER_PATHS = NO;
				CLANG_ANALYZER_NONNULL = YES;
				CLANG_ANALYZER_NUMBER_OBJECT_CONVERSION = YES_AGGRESSIVE;
				CLANG_CXX_LANGUAGE_STANDARD = "gnu++17";
				CLANG_ENABLE_MODULES = YES;
				CLANG_ENABLE_OBJC_ARC = YES;
				CLANG_ENABLE_OBJC_WEAK = YES;
				CLANG_WARN_BLOCK_CAPTURE_AUTORELEASING = YES;
				CLANG_WARN_BOOL_CONVERSION = YES;
				CLANG_WARN_COMMA = YES;
				CLANG_WARN_CONSTANT_CONVERSION = YES;
				CLANG_WARN_DEPRECATED_OBJC_IMPLEMENTATIONS = YES;
				CLANG_WARN_DIRECT_OBJC_ISA_USAGE = YES_ERROR;
				CLANG_WARN_DOCUMENTATION_COMMENTS = YES;
				CLANG_WARN_EMPTY_BODY = YES;
				CLANG_WARN_ENUM_CONVERSION = YES;
				CLANG_WARN_INFINITE_RECURSION = YES;
				CLANG_WARN_INT_CONVERSION = YES;
				CLANG_WARN_NON_LITERAL_NULL_CONVERSION = YES;
				CLANG_WARN_OBJC_IMPLICIT_RETAIN_SELF = YES;
				CLANG_WARN_OBJC_LITERAL_CONVERSION = YES;
				CLANG_WARN_OBJC_ROOT_CLASS = YES_ERROR;
				CLANG_WARN_QUOTED_INCLUDE_IN_FRAMEWORK_HEADER = YES;
				CLANG_WARN_RANGE_LOOP_ANALYSIS = YES;
				CLANG_WARN_STRICT_PROTOTYPES = YES;
				CLANG_WARN_SUSPICIOUS_MOVE = YES;
				CLANG_WARN_UNGUARDED_AVAILABILITY = YES_AGGRESSIVE;
				CLANG_WARN_UNREACHABLE_CODE = YES;
				CLANG_WARN__DUPLICATE_METHOD_MATCH = YES;
				COPY_PHASE_STRIP = NO;
				DEBUG_INFORMATION_FORMAT = "dwarf-with-dsym";
				ENABLE_NS_ASSERTIONS = NO;
				ENABLE_STRICT_OBJC_MSGSEND = YES;
				GCC_C_LANGUAGE_STANDARD = gnu11;
				GCC_NO_COMMON_BLOCKS = YES;
				GCC_WARN_64_TO_32_BIT_CONVERSION = YES;
				GCC_WARN_ABOUT_RETURN_TYPE = YES_ERROR;
				GCC_WARN_UNDECLARED_SELECTOR = YES;
				GCC_WARN_UNINITIALIZED_AUTOS = YES_AGGRESSIVE;
				GCC_WARN_UNUSED_FUNCTION = YES;
				GCC_WARN_UNUSED_VARIABLE = YES;
				IPHONEOS_DEPLOYMENT_TARGET = 15.5;
				MTL_ENABLE_DEBUG_INFO = NO;
				MTL_FAST_MATH = YES;
				SDKROOT = iphoneos;
				SWIFT_COMPILATION_MODE = wholemodule;
				SWIFT_OPTIMIZATION_LEVEL = "-O";
				VALIDATE_PRODUCT = YES;
			};
			name = Release;
		};
		F6E09A992858F8BE0008429E /* Debug */ = {
			isa = XCBuildConfiguration;
			buildSettings = {
				ASSETCATALOG_COMPILER_APPICON_NAME = AppIcon;
				ASSETCATALOG_COMPILER_GLOBAL_ACCENT_COLOR_NAME = AccentColor;
				CODE_SIGN_STYLE = Automatic;
				CURRENT_PROJECT_VERSION = 1;
				GENERATE_INFOPLIST_FILE = YES;
				INFOPLIST_FILE = Final/Info.plist;
				INFOPLIST_KEY_UIApplicationSupportsIndirectInputEvents = YES;
				INFOPLIST_KEY_UILaunchStoryboardName = LaunchScreen;
				INFOPLIST_KEY_UIMainStoryboardFile = Main;
				INFOPLIST_KEY_UISupportedInterfaceOrientations_iPad = "UIInterfaceOrientationPortrait UIInterfaceOrientationPortraitUpsideDown UIInterfaceOrientationLandscapeLeft UIInterfaceOrientationLandscapeRight";
				INFOPLIST_KEY_UISupportedInterfaceOrientations_iPhone = "UIInterfaceOrientationPortrait UIInterfaceOrientationLandscapeLeft UIInterfaceOrientationLandscapeRight";
				LD_RUNPATH_SEARCH_PATHS = (
					"$(inherited)",
					"@executable_path/Frameworks",
				);
				MARKETING_VERSION = 1.0;
				PRODUCT_BUNDLE_IDENTIFIER = EvaGonzalezWhite.Final;
				PRODUCT_NAME = "$(TARGET_NAME)";
				SWIFT_EMIT_LOC_STRINGS = YES;
				SWIFT_VERSION = 5.0;
				TARGETED_DEVICE_FAMILY = "1,2";
			};
			name = Debug;
		};
		F6E09A9A2858F8BE0008429E /* Release */ = {
			isa = XCBuildConfiguration;
			buildSettings = {
				ASSETCATALOG_COMPILER_APPICON_NAME = AppIcon;
				ASSETCATALOG_COMPILER_GLOBAL_ACCENT_COLOR_NAME = AccentColor;
				CODE_SIGN_STYLE = Automatic;
				CURRENT_PROJECT_VERSION = 1;
				GENERATE_INFOPLIST_FILE = YES;
				INFOPLIST_FILE = Final/Info.plist;
				INFOPLIST_KEY_UIApplicationSupportsIndirectInputEvents = YES;
				INFOPLIST_KEY_UILaunchStoryboardName = LaunchScreen;
				INFOPLIST_KEY_UIMainStoryboardFile = Main;
				INFOPLIST_KEY_UISupportedInterfaceOrientations_iPad = "UIInterfaceOrientationPortrait UIInterfaceOrientationPortraitUpsideDown UIInterfaceOrientationLandscapeLeft UIInterfaceOrientationLandscapeRight";
				INFOPLIST_KEY_UISupportedInterfaceOrientations_iPhone = "UIInterfaceOrientationPortrait UIInterfaceOrientationLandscapeLeft UIInterfaceOrientationLandscapeRight";
				LD_RUNPATH_SEARCH_PATHS = (
					"$(inherited)",
					"@executable_path/Frameworks",
				);
				MARKETING_VERSION = 1.0;
				PRODUCT_BUNDLE_IDENTIFIER = EvaGonzalezWhite.Final;
				PRODUCT_NAME = "$(TARGET_NAME)";
				SWIFT_EMIT_LOC_STRINGS = YES;
				SWIFT_VERSION = 5.0;
				TARGETED_DEVICE_FAMILY = "1,2";
			};
			name = Release;
		};
		F6E09A9C2858F8BE0008429E /* Debug */ = {
			isa = XCBuildConfiguration;
			buildSettings = {
				ALWAYS_EMBED_SWIFT_STANDARD_LIBRARIES = YES;
				BUNDLE_LOADER = "$(TEST_HOST)";
				CODE_SIGN_STYLE = Automatic;
				CURRENT_PROJECT_VERSION = 1;
				GENERATE_INFOPLIST_FILE = YES;
				IPHONEOS_DEPLOYMENT_TARGET = 15.5;
				MARKETING_VERSION = 1.0;
				PRODUCT_BUNDLE_IDENTIFIER = EvaGonzalezWhite.FinalTests;
				PRODUCT_NAME = "$(TARGET_NAME)";
				SWIFT_EMIT_LOC_STRINGS = NO;
				SWIFT_VERSION = 5.0;
				TARGETED_DEVICE_FAMILY = "1,2";
				TEST_HOST = "$(BUILT_PRODUCTS_DIR)/Final.app/Final";
			};
			name = Debug;
		};
		F6E09A9D2858F8BE0008429E /* Release */ = {
			isa = XCBuildConfiguration;
			buildSettings = {
				ALWAYS_EMBED_SWIFT_STANDARD_LIBRARIES = YES;
				BUNDLE_LOADER = "$(TEST_HOST)";
				CODE_SIGN_STYLE = Automatic;
				CURRENT_PROJECT_VERSION = 1;
				GENERATE_INFOPLIST_FILE = YES;
				IPHONEOS_DEPLOYMENT_TARGET = 15.5;
				MARKETING_VERSION = 1.0;
				PRODUCT_BUNDLE_IDENTIFIER = EvaGonzalezWhite.FinalTests;
				PRODUCT_NAME = "$(TARGET_NAME)";
				SWIFT_EMIT_LOC_STRINGS = NO;
				SWIFT_VERSION = 5.0;
				TARGETED_DEVICE_FAMILY = "1,2";
				TEST_HOST = "$(BUILT_PRODUCTS_DIR)/Final.app/Final";
			};
			name = Release;
		};
		F6E09A9F2858F8BE0008429E /* Debug */ = {
			isa = XCBuildConfiguration;
			buildSettings = {
				ALWAYS_EMBED_SWIFT_STANDARD_LIBRARIES = YES;
				CODE_SIGN_STYLE = Automatic;
				CURRENT_PROJECT_VERSION = 1;
				GENERATE_INFOPLIST_FILE = YES;
				MARKETING_VERSION = 1.0;
				PRODUCT_BUNDLE_IDENTIFIER = EvaGonzalezWhite.FinalUITests;
				PRODUCT_NAME = "$(TARGET_NAME)";
				SWIFT_EMIT_LOC_STRINGS = NO;
				SWIFT_VERSION = 5.0;
				TARGETED_DEVICE_FAMILY = "1,2";
				TEST_TARGET_NAME = Final;
			};
			name = Debug;
		};
		F6E09AA02858F8BE0008429E /* Release */ = {
			isa = XCBuildConfiguration;
			buildSettings = {
				ALWAYS_EMBED_SWIFT_STANDARD_LIBRARIES = YES;
				CODE_SIGN_STYLE = Automatic;
				CURRENT_PROJECT_VERSION = 1;
				GENERATE_INFOPLIST_FILE = YES;
				MARKETING_VERSION = 1.0;
				PRODUCT_BUNDLE_IDENTIFIER = EvaGonzalezWhite.FinalUITests;
				PRODUCT_NAME = "$(TARGET_NAME)";
				SWIFT_EMIT_LOC_STRINGS = NO;
				SWIFT_VERSION = 5.0;
				TARGETED_DEVICE_FAMILY = "1,2";
				TEST_TARGET_NAME = Final;
			};
			name = Release;
		};
/* End XCBuildConfiguration section */

/* Begin XCConfigurationList section */
		F6E09A662858F8BC0008429E /* Build configuration list for PBXProject "Final" */ = {
			isa = XCConfigurationList;
			buildConfigurations = (
				F6E09A962858F8BE0008429E /* Debug */,
				F6E09A972858F8BE0008429E /* Release */,
			);
			defaultConfigurationIsVisible = 0;
			defaultConfigurationName = Release;
		};
		F6E09A982858F8BE0008429E /* Build configuration list for PBXNativeTarget "Final" */ = {
			isa = XCConfigurationList;
			buildConfigurations = (
				F6E09A992858F8BE0008429E /* Debug */,
				F6E09A9A2858F8BE0008429E /* Release */,
			);
			defaultConfigurationIsVisible = 0;
			defaultConfigurationName = Release;
		};
		F6E09A9B2858F8BE0008429E /* Build configuration list for PBXNativeTarget "FinalTests" */ = {
			isa = XCConfigurationList;
			buildConfigurations = (
				F6E09A9C2858F8BE0008429E /* Debug */,
				F6E09A9D2858F8BE0008429E /* Release */,
			);
			defaultConfigurationIsVisible = 0;
			defaultConfigurationName = Release;
		};
		F6E09A9E2858F8BE0008429E /* Build configuration list for PBXNativeTarget "FinalUITests" */ = {
			isa = XCConfigurationList;
			buildConfigurations = (
				F6E09A9F2858F8BE0008429E /* Debug */,
				F6E09AA02858F8BE0008429E /* Release */,
			);
			defaultConfigurationIsVisible = 0;
			defaultConfigurationName = Release;
		};
/* End XCConfigurationList section */

/* Begin XCVersionGroup section */
		F6E09A772858F8BC0008429E /* Final.xcdatamodeld */ = {
			isa = XCVersionGroup;
			children = (
				F6E09A782858F8BC0008429E /* Final.xcdatamodel */,
			);
			currentVersion = F6E09A782858F8BC0008429E /* Final.xcdatamodel */;
			path = Final.xcdatamodeld;
			sourceTree = "<group>";
			versionGroupType = wrapper.xcdatamodel;
		};
/* End XCVersionGroup section */
	};
	rootObject = F6E09A632858F8BC0008429E /* Project object */;
}
